
Microsoft Visual Studio Solution File, Format Version 12.00
# Visual Studio Version 17
VisualStudioVersion = 17.11.35125.118
MinimumVisualStudioVersion = 10.0.40219.1
Project("{2150E333-8FDC-42A3-9474-1A3956D46DE8}") = "Services", "Services", "{8DF23C1B-E782-452E-B883-FD78AEFCAA75}"
EndProject
Project("{2150E333-8FDC-42A3-9474-1A3956D46DE8}") = "Catalog", "Catalog", "{5D710A99-1344-4D43-96EB-CBF247DC9836}"
EndProject
Project("{9A19103F-16F7-4668-BE54-9A1E7A4F7556}") = "Catalog.API", "Services\Catalog\Catalog.API\Catalog.API.csproj", "{0FD2F8EA-14E0-43BC-8ACC-35CBF97F35CA}"
EndProject
Project("{2150E333-8FDC-42A3-9474-1A3956D46DE8}") = "BuildingBlocks", "BuildingBlocks", "{AF4B6C7F-F09D-4A5A-8400-BDC26FC3A0E5}"
EndProject
Project("{9A19103F-16F7-4668-BE54-9A1E7A4F7556}") = "BuildingBlocks", "BuildingBlocks\BuildingBlocks\BuildingBlocks.csproj", "{A349906B-788B-4CBB-9FD2-A536906171FD}"
EndProject
Project("{E53339B2-1760-4266-BCC7-CA923CBCF16C}") = "docker-compose", "docker-compose.dcproj", "{E419AD1C-00D5-4E51-9136-A1D577F7F8FC}"
EndProject
Project("{2150E333-8FDC-42A3-9474-1A3956D46DE8}") = "Baskets", "Baskets", "{7C2DB370-8A14-4C82-8E14-F03EFF287056}"
EndProject
Project("{9A19103F-16F7-4668-BE54-9A1E7A4F7556}") = "Baskets.API", "Services\Baskets\Baskets.API\Baskets.API.csproj", "{BF7482F8-9600-40C2-909D-E04F3F90296E}"
EndProject
Project("{2150E333-8FDC-42A3-9474-1A3956D46DE8}") = "Discount", "Discount", "{20B1D8AA-DD09-4261-AF1E-699179FA7D49}"
EndProject
Project("{9A19103F-16F7-4668-BE54-9A1E7A4F7556}") = "Discount.Grpc", "Services\Discount\Discount.Grpc\Discount.Grpc.csproj", "{EA32B0E3-694D-4B12-B280-9C9F6133C5CC}"
EndProject
Project("{2150E333-8FDC-42A3-9474-1A3956D46DE8}") = "Ordering", "Ordering", "{4AEFBA5E-D055-4A89-954B-731A76141511}"
EndProject
Project("{FAE04EC0-301F-11D3-BF4B-00C04F79EFBC}") = "Ordering.API", "Services\Ordering\Ordering.API\Ordering.API.csproj", "{640869F0-04F3-4A56-B683-9541689B83FE}"
EndProject
Project("{FAE04EC0-301F-11D3-BF4B-00C04F79EFBC}") = "Ordering.Domain", "Services\Ordering\Ordering.Domain\Ordering.Domain.csproj", "{5E7D0D9B-4DAF-4BFD-B94C-BF252AC9EE59}"
EndProject
Project("{FAE04EC0-301F-11D3-BF4B-00C04F79EFBC}") = "Ordering.Application", "Services\Ordering\Ordering.Application\Ordering.Application.csproj", "{378DF0CF-B881-45F7-94E5-A96A594D4B89}"
EndProject
Project("{FAE04EC0-301F-11D3-BF4B-00C04F79EFBC}") = "Ordering.Infrastructure", "Services\Ordering\Ordering.Infrastructure\Ordering.Infrastructure.csproj", "{B968DD08-5388-4067-A5F9-D66F77B4A570}"
EndProject
Global
	GlobalSection(SolutionConfigurationPlatforms) = preSolution
		Debug|Any CPU = Debug|Any CPU
		Release|Any CPU = Release|Any CPU
	EndGlobalSection
	GlobalSection(ProjectConfigurationPlatforms) = postSolution
		{0FD2F8EA-14E0-43BC-8ACC-35CBF97F35CA}.Debug|Any CPU.ActiveCfg = Debug|Any CPU
		{0FD2F8EA-14E0-43BC-8ACC-35CBF97F35CA}.Debug|Any CPU.Build.0 = Debug|Any CPU
		{0FD2F8EA-14E0-43BC-8ACC-35CBF97F35CA}.Release|Any CPU.ActiveCfg = Release|Any CPU
		{0FD2F8EA-14E0-43BC-8ACC-35CBF97F35CA}.Release|Any CPU.Build.0 = Release|Any CPU
		{A349906B-788B-4CBB-9FD2-A536906171FD}.Debug|Any CPU.ActiveCfg = Debug|Any CPU
		{A349906B-788B-4CBB-9FD2-A536906171FD}.Debug|Any CPU.Build.0 = Debug|Any CPU
		{A349906B-788B-4CBB-9FD2-A536906171FD}.Release|Any CPU.ActiveCfg = Release|Any CPU
		{A349906B-788B-4CBB-9FD2-A536906171FD}.Release|Any CPU.Build.0 = Release|Any CPU
		{E419AD1C-00D5-4E51-9136-A1D577F7F8FC}.Debug|Any CPU.ActiveCfg = Debug|Any CPU
		{E419AD1C-00D5-4E51-9136-A1D577F7F8FC}.Debug|Any CPU.Build.0 = Debug|Any CPU
		{E419AD1C-00D5-4E51-9136-A1D577F7F8FC}.Release|Any CPU.ActiveCfg = Release|Any CPU
		{E419AD1C-00D5-4E51-9136-A1D577F7F8FC}.Release|Any CPU.Build.0 = Release|Any CPU
		{BF7482F8-9600-40C2-909D-E04F3F90296E}.Debug|Any CPU.ActiveCfg = Debug|Any CPU
		{BF7482F8-9600-40C2-909D-E04F3F90296E}.Debug|Any CPU.Build.0 = Debug|Any CPU
		{BF7482F8-9600-40C2-909D-E04F3F90296E}.Release|Any CPU.ActiveCfg = Release|Any CPU
		{BF7482F8-9600-40C2-909D-E04F3F90296E}.Release|Any CPU.Build.0 = Release|Any CPU
		{EA32B0E3-694D-4B12-B280-9C9F6133C5CC}.Debug|Any CPU.ActiveCfg = Debug|Any CPU
		{EA32B0E3-694D-4B12-B280-9C9F6133C5CC}.Debug|Any CPU.Build.0 = Debug|Any CPU
		{EA32B0E3-694D-4B12-B280-9C9F6133C5CC}.Release|Any CPU.ActiveCfg = Release|Any CPU
		{EA32B0E3-694D-4B12-B280-9C9F6133C5CC}.Release|Any CPU.Build.0 = Release|Any CPU
		{640869F0-04F3-4A56-B683-9541689B83FE}.Debug|Any CPU.ActiveCfg = Debug|Any CPU
		{640869F0-04F3-4A56-B683-9541689B83FE}.Debug|Any CPU.Build.0 = Debug|Any CPU
		{640869F0-04F3-4A56-B683-9541689B83FE}.Release|Any CPU.ActiveCfg = Release|Any CPU
		{640869F0-04F3-4A56-B683-9541689B83FE}.Release|Any CPU.Build.0 = Release|Any CPU
		{5E7D0D9B-4DAF-4BFD-B94C-BF252AC9EE59}.Debug|Any CPU.ActiveCfg = Debug|Any CPU
		{5E7D0D9B-4DAF-4BFD-B94C-BF252AC9EE59}.Debug|Any CPU.Build.0 = Debug|Any CPU
		{5E7D0D9B-4DAF-4BFD-B94C-BF252AC9EE59}.Release|Any CPU.ActiveCfg = Release|Any CPU
		{5E7D0D9B-4DAF-4BFD-B94C-BF252AC9EE59}.Release|Any CPU.Build.0 = Release|Any CPU
		{378DF0CF-B881-45F7-94E5-A96A594D4B89}.Debug|Any CPU.ActiveCfg = Debug|Any CPU
		{378DF0CF-B881-45F7-94E5-A96A594D4B89}.Debug|Any CPU.Build.0 = Debug|Any CPU
		{378DF0CF-B881-45F7-94E5-A96A594D4B89}.Release|Any CPU.ActiveCfg = Release|Any CPU
		{378DF0CF-B881-45F7-94E5-A96A594D4B89}.Release|Any CPU.Build.0 = Release|Any CPU
		{B968DD08-5388-4067-A5F9-D66F77B4A570}.Debug|Any CPU.ActiveCfg = Debug|Any CPU
		{B968DD08-5388-4067-A5F9-D66F77B4A570}.Debug|Any CPU.Build.0 = Debug|Any CPU
		{B968DD08-5388-4067-A5F9-D66F77B4A570}.Release|Any CPU.ActiveCfg = Release|Any CPU
		{B968DD08-5388-4067-A5F9-D66F77B4A570}.Release|Any CPU.Build.0 = Release|Any CPU
	EndGlobalSection
	GlobalSection(SolutionProperties) = preSolution
		HideSolutionNode = FALSE
	EndGlobalSection
	GlobalSection(NestedProjects) = preSolution
		{5D710A99-1344-4D43-96EB-CBF247DC9836} = {8DF23C1B-E782-452E-B883-FD78AEFCAA75}
		{0FD2F8EA-14E0-43BC-8ACC-35CBF97F35CA} = {5D710A99-1344-4D43-96EB-CBF247DC9836}
		{A349906B-788B-4CBB-9FD2-A536906171FD} = {AF4B6C7F-F09D-4A5A-8400-BDC26FC3A0E5}
		{7C2DB370-8A14-4C82-8E14-F03EFF287056} = {8DF23C1B-E782-452E-B883-FD78AEFCAA75}
		{BF7482F8-9600-40C2-909D-E04F3F90296E} = {7C2DB370-8A14-4C82-8E14-F03EFF287056}
		{20B1D8AA-DD09-4261-AF1E-699179FA7D49} = {8DF23C1B-E782-452E-B883-FD78AEFCAA75}
		{EA32B0E3-694D-4B12-B280-9C9F6133C5CC} = {20B1D8AA-DD09-4261-AF1E-699179FA7D49}
		{4AEFBA5E-D055-4A89-954B-731A76141511} = {8DF23C1B-E782-452E-B883-FD78AEFCAA75}
		{640869F0-04F3-4A56-B683-9541689B83FE} = {4AEFBA5E-D055-4A89-954B-731A76141511}
		{5E7D0D9B-4DAF-4BFD-B94C-BF252AC9EE59} = {4AEFBA5E-D055-4A89-954B-731A76141511}
		{378DF0CF-B881-45F7-94E5-A96A594D4B89} = {4AEFBA5E-D055-4A89-954B-731A76141511}
		{B968DD08-5388-4067-A5F9-D66F77B4A570} = {4AEFBA5E-D055-4A89-954B-731A76141511}
	EndGlobalSection
	GlobalSection(ExtensibilityGlobals) = postSolution
		SolutionGuid = {C1CD64F5-5CD8-4218-B249-7634CAFBA962}
	EndGlobalSection
EndGlobal
